PODS:
  - HTMLKit (4.2.0)
  - Tor (407.10.2):
    - Tor/Core (= 407.10.2)
  - Tor/Core (407.10.2)

DEPENDENCIES:
  - HTMLKit (~> 4.2)
  - Tor (~> 407.10.2)

SPEC REPOS:
  trunk:
    - HTMLKit
    - Tor

SPEC CHECKSUMS:
  HTMLKit: e11ec9ed1a9be779e7dd65acdea5757fb113030e
  Tor: 77ae825db3972534215777089e00560757e04104

PODFILE CHECKSUM: 702ce119b39e76619589cb8d28a88fe2805471ff

COCOAPODS: 1.11.3
