PODS:
  - HTMLKit (4.2.0)
  - Tor (407.12.1):
    - Tor/Core (= 407.12.1)
  - Tor/Core (407.12.1)

DEPENDENCIES:
  - HTMLKit (~> 4.2)
  - Tor (~> 407.12.1)

SPEC REPOS:
  trunk:
    - HTMLKit
    - Tor

SPEC CHECKSUMS:
  HTMLKit: e11ec9ed1a9be779e7dd65acdea5757fb113030e
  Tor: 319ca0f3bc42c387736a2d6dc56de75ed0a30eaf

PODFILE CHECKSUM: 6e6a51adebf50673b8c642fb94b15d3e4be5f0ca

COCOAPODS: 1.11.3
